
Microsoft Visual Studio Solution File, Format Version 12.00
# Visual Studio Version 17
VisualStudioVersion = 17.0.31903.59
MinimumVisualStudioVersion = 10.0.40219.1
Project("{FAE04EC0-301F-11D3-BF4B-00C04F79EFBC}") = "MyAPI.API", "MyAPI.API\MyAPI.API.csproj", "{1C9A23D1-5E9D-498E-ADA0-218946F1FB90}"
EndProject
Project("{FAE04EC0-301F-11D3-BF4B-00C04F79EFBC}") = "DuckData.Repo", "DuckData.Repo\DuckData.Repo.csproj", "{5EF6804A-2954-4CE4-94FE-CDB8A703C435}"
EndProject
Project("{FAE04EC0-301F-11D3-BF4B-00C04F79EFBC}") = "DuckData.Models", "DuckData.Models\DuckData.Models.csproj", "{4157D07C-BA2A-4429-9A7F-B9D30F170643}"
EndProject
Global
	GlobalSection(SolutionConfigurationPlatforms) = preSolution
		Debug|Any CPU = Debug|Any CPU
		Release|Any CPU = Release|Any CPU
	EndGlobalSection
	GlobalSection(SolutionProperties) = preSolution
		HideSolutionNode = FALSE
	EndGlobalSection
	GlobalSection(ProjectConfigurationPlatforms) = postSolution
		{1C9A23D1-5E9D-498E-ADA0-218946F1FB90}.Debug|Any CPU.ActiveCfg = Debug|Any CPU
		{1C9A23D1-5E9D-498E-ADA0-218946F1FB90}.Debug|Any CPU.Build.0 = Debug|Any CPU
		{1C9A23D1-5E9D-498E-ADA0-218946F1FB90}.Release|Any CPU.ActiveCfg = Release|Any CPU
		{1C9A23D1-5E9D-498E-ADA0-218946F1FB90}.Release|Any CPU.Build.0 = Release|Any CPU
		{5EF6804A-2954-4CE4-94FE-CDB8A703C435}.Debug|Any CPU.ActiveCfg = Debug|Any CPU
		{5EF6804A-2954-4CE4-94FE-CDB8A703C435}.Debug|Any CPU.Build.0 = Debug|Any CPU
		{5EF6804A-2954-4CE4-94FE-CDB8A703C435}.Release|Any CPU.ActiveCfg = Release|Any CPU
		{5EF6804A-2954-4CE4-94FE-CDB8A703C435}.Release|Any CPU.Build.0 = Release|Any CPU
		{4157D07C-BA2A-4429-9A7F-B9D30F170643}.Debug|Any CPU.ActiveCfg = Debug|Any CPU
		{4157D07C-BA2A-4429-9A7F-B9D30F170643}.Debug|Any CPU.Build.0 = Debug|Any CPU
		{4157D07C-BA2A-4429-9A7F-B9D30F170643}.Release|Any CPU.ActiveCfg = Release|Any CPU
		{4157D07C-BA2A-4429-9A7F-B9D30F170643}.Release|Any CPU.Build.0 = Release|Any CPU
	EndGlobalSection
EndGlobal
